
Microsoft Visual Studio Solution File, Format Version 12.00
# Visual Studio Version 17
VisualStudioVersion = 17.14.36401.2 d17.14
MinimumVisualStudioVersion = 10.0.40219.1
Project("{FAE04EC0-301F-11D3-BF4B-00C04F79EFBC}") = "ejersicio1", "ejersicio1\ejersicio1.csproj", "{AB2310A6-3F1A-4CA9-B27A-E50D60EEA667}"
EndProject
Global
	GlobalSection(SolutionConfigurationPlatforms) = preSolution
		Debug|Any CPU = Debug|Any CPU
		Release|Any CPU = Release|Any CPU
	EndGlobalSection
	GlobalSection(ProjectConfigurationPlatforms) = postSolution
		{AB2310A6-3F1A-4CA9-B27A-E50D60EEA667}.Debug|Any CPU.ActiveCfg = Debug|Any CPU
		{AB2310A6-3F1A-4CA9-B27A-E50D60EEA667}.Debug|Any CPU.Build.0 = Debug|Any CPU
		{AB2310A6-3F1A-4CA9-B27A-E50D60EEA667}.Release|Any CPU.ActiveCfg = Release|Any CPU
		{AB2310A6-3F1A-4CA9-B27A-E50D60EEA667}.Release|Any CPU.Build.0 = Release|Any CPU
	EndGlobalSection
	GlobalSection(SolutionProperties) = preSolution
		HideSolutionNode = FALSE
	EndGlobalSection
	GlobalSection(ExtensibilityGlobals) = postSolution
		SolutionGuid = {0612E942-3832-408C-BDF7-9329B132B41E}
	EndGlobalSection
EndGlobal
